<?xml version="1.0" encoding="utf-8"?>
<Project xmlns="http://schemas.microsoft.com/developer/msbuild/2003">
  <ItemGroup>
    <Filter Include="Form Files">
      <UniqueIdentifier>{99349809-55BA-4b9d-BF79-8FDBB0286EB3}</UniqueIdentifier>
      <Extensions>ui</Extensions>
      <ParseFiles>false</ParseFiles>
    </Filter>
    <Filter Include="Form Files">
      <UniqueIdentifier>{99349809-55BA-4b9d-BF79-8FDBB0286EB3}</UniqueIdentifier>
      <Extensions>ui</Extensions>
      <ParseFiles>false</ParseFiles>
    </Filter>
    <Filter Include="Generated Files">
      <UniqueIdentifier>{71ED8ED8-ACB9-4CE9-BBE1-E00B30144E11}</UniqueIdentifier>
      <Extensions>cpp;c;cxx;moc;h;def;odl;idl;res;</Extensions>
    </Filter>
    <Filter Include="Generated Files">
      <UniqueIdentifier>{71ED8ED8-ACB9-4CE9-BBE1-E00B30144E11}</UniqueIdentifier>
      <Extensions>cpp;c;cxx;moc;h;def;odl;idl;res;</Extensions>
    </Filter>
    <Filter Include="Header Files">
      <UniqueIdentifier>{93995380-89BD-4b04-88EB-625FBE52EBFB}</UniqueIdentifier>
      <Extensions>h;hpp;hxx;hm;inl;inc;xsd</Extensions>
    </Filter>
    <Filter Include="Header Files">
      <UniqueIdentifier>{93995380-89BD-4b04-88EB-625FBE52EBFB}</UniqueIdentifier>
      <Extensions>h;hpp;hxx;hm;inl;inc;xsd</Extensions>
    </Filter>
    <Filter Include="Source Files">
      <UniqueIdentifier>{4FC737F1-C7A5-4376-A066-2A32D752A2FF}</UniqueIdentifier>
      <Extensions>cpp;c;cxx;def;odl;idl;hpj;bat;asm;asmx</Extensions>
    </Filter>
    <Filter Include="Source Files">
      <UniqueIdentifier>{4FC737F1-C7A5-4376-A066-2A32D752A2FF}</UniqueIdentifier>
      <Extensions>cpp;c;cxx;def;odl;idl;hpj;bat;asm;asmx</Extensions>
    </Filter>
  </ItemGroup>
  <ItemGroup>
    <ClCompile Include="item\autoLine.cpp">
      <Filter>Source Files</Filter>
    </ClCompile>
    <ClCompile Include="item\chart_base.cpp">
      <Filter>Source Files</Filter>
    </ClCompile>
    <ClCompile Include="item\chart_line.cpp">
      <Filter>Source Files</Filter>
    </ClCompile>
    <ClCompile Include="item\chart_rect.cpp">
      <Filter>Source Files</Filter>
    </ClCompile>
    <ClCompile Include="item\chip.cpp">
      <Filter>Source Files</Filter>
    </ClCompile>
    <ClCompile Include="custom_class\drag_group_box.cpp">
      <Filter>Source Files</Filter>
    </ClCompile>
    <ClCompile Include="custom_class\drag_pushbutton.cpp">
      <Filter>Source Files</Filter>
    </ClCompile>
    <ClCompile Include="custom_class\drag_widget.cpp">
      <Filter>Source Files</Filter>
    </ClCompile>
    <ClCompile Include="item\edge.cpp">
      <Filter>Source Files</Filter>
    </ClCompile>
    <ClCompile Include="graphics_scene.cpp">
      <Filter>Source Files</Filter>
    </ClCompile>
    <ClCompile Include="graphics_view.cpp">
      <Filter>Source Files</Filter>
    </ClCompile>
    <ClCompile Include="magent_point.cpp">
      <Filter>Source Files</Filter>
    </ClCompile>
    <ClCompile Include="main.cpp">
      <Filter>Source Files</Filter>
    </ClCompile>
    <ClCompile Include="mainwindow.cpp">
      <Filter>Source Files</Filter>
    </ClCompile>
  </ItemGroup>
  <ItemGroup>
    <CustomBuild Include="item\autoLine.h">
      <Filter>Header Files</Filter>
    </CustomBuild>
    <CustomBuild Include="item\chart_base.h">
      <Filter>Header Files</Filter>
    </CustomBuild>
    <ClInclude Include="item\chart_define.h">
      <Filter>Header Files</Filter>
    </ClInclude>
    <ClInclude Include="item\chart_line.h">
      <Filter>Header Files</Filter>
    </ClInclude>
    <ClInclude Include="item\chart_rect.h">
      <Filter>Header Files</Filter>
    </ClInclude>
    <CustomBuild Include="item\chip.h">
      <Filter>Header Files</Filter>
    </CustomBuild>
    <CustomBuild Include="custom_class\drag_group_box.h">
      <Filter>Header Files</Filter>
    </CustomBuild>
    <CustomBuild Include="custom_class\drag_pushbutton.h">
      <Filter>Header Files</Filter>
    </CustomBuild>
    <CustomBuild Include="custom_class\drag_widget.h">
      <Filter>Header Files</Filter>
    </CustomBuild>
    <CustomBuild Include="item\edge.h">
      <Filter>Header Files</Filter>
    </CustomBuild>
    <CustomBuild Include="graphics_scene.h">
      <Filter>Header Files</Filter>
    </CustomBuild>
    <CustomBuild Include="graphics_view.h">
      <Filter>Header Files</Filter>
    </CustomBuild>
    <ClInclude Include="magent_point.h">
      <Filter>Header Files</Filter>
    </ClInclude>
    <CustomBuild Include="mainwindow.h">
      <Filter>Header Files</Filter>
    </CustomBuild>
  </ItemGroup>
  <ItemGroup>
    <ClCompile Include="debug\moc_autoLine.cpp">
      <Filter>Generated Files</Filter>
    </ClCompile>
    <ClCompile Include="release\moc_autoLine.cpp">
      <Filter>Generated Files</Filter>
    </ClCompile>
    <ClCompile Include="debug\moc_chart_base.cpp">
      <Filter>Generated Files</Filter>
    </ClCompile>
    <ClCompile Include="release\moc_chart_base.cpp">
      <Filter>Generated Files</Filter>
    </ClCompile>
    <ClCompile Include="debug\moc_chip.cpp">
      <Filter>Generated Files</Filter>
    </ClCompile>
    <ClCompile Include="release\moc_chip.cpp">
      <Filter>Generated Files</Filter>
    </ClCompile>
    <ClCompile Include="debug\moc_drag_group_box.cpp">
      <Filter>Generated Files</Filter>
    </ClCompile>
    <ClCompile Include="release\moc_drag_group_box.cpp">
      <Filter>Generated Files</Filter>
    </ClCompile>
    <ClCompile Include="debug\moc_drag_pushbutton.cpp">
      <Filter>Generated Files</Filter>
    </ClCompile>
    <ClCompile Include="release\moc_drag_pushbutton.cpp">
      <Filter>Generated Files</Filter>
    </ClCompile>
    <ClCompile Include="debug\moc_drag_widget.cpp">
      <Filter>Generated Files</Filter>
    </ClCompile>
    <ClCompile Include="release\moc_drag_widget.cpp">
      <Filter>Generated Files</Filter>
    </ClCompile>
    <ClCompile Include="debug\moc_edge.cpp">
      <Filter>Generated Files</Filter>
    </ClCompile>
    <ClCompile Include="release\moc_edge.cpp">
      <Filter>Generated Files</Filter>
    </ClCompile>
    <ClCompile Include="debug\moc_graphics_scene.cpp">
      <Filter>Generated Files</Filter>
    </ClCompile>
    <ClCompile Include="release\moc_graphics_scene.cpp">
      <Filter>Generated Files</Filter>
    </ClCompile>
    <ClCompile Include="debug\moc_graphics_view.cpp">
      <Filter>Generated Files</Filter>
    </ClCompile>
    <ClCompile Include="release\moc_graphics_view.cpp">
      <Filter>Generated Files</Filter>
    </ClCompile>
    <ClCompile Include="debug\moc_mainwindow.cpp">
      <Filter>Generated Files</Filter>
    </ClCompile>
    <ClCompile Include="release\moc_mainwindow.cpp">
      <Filter>Generated Files</Filter>
    </ClCompile>
    <CustomBuild Include="debug\moc_predefs.h.cbt">
      <Filter>Generated Files</Filter>
    </CustomBuild>
    <CustomBuild Include="release\moc_predefs.h.cbt">
      <Filter>Generated Files</Filter>
    </CustomBuild>
    <ClInclude Include="ui_mainwindow.h">
      <Filter>Generated Files</Filter>
    </ClInclude>
  </ItemGroup>
  <ItemGroup>
    <CustomBuild Include="mainwindow.ui">
      <Filter>Form Files</Filter>
    </CustomBuild>
  </ItemGroup>
</Project>